// !$*UTF8*$!
{
	archiveVersion = 1;
	classes = {
	};
	objectVersion = 50;
	objects = {

/* Begin PBXBuildFile section */
		960CAB0C2521301700E5D22D /* AppDelegate.swift in Sources */ = {isa = PBXBuildFile; fileRef = 960CAB0B2521301700E5D22D /* AppDelegate.swift */; };
		960CAB0E2521301700E5D22D /* SceneDelegate.swift in Sources */ = {isa = PBXBuildFile; fileRef = 960CAB0D2521301700E5D22D /* SceneDelegate.swift */; };
		960CAB102521301700E5D22D /* DataViewController.swift in Sources */ = {isa = PBXBuildFile; fileRef = 960CAB0F2521301700E5D22D /* DataViewController.swift */; };
		960CAB132521301700E5D22D /* Main.storyboard in Resources */ = {isa = PBXBuildFile; fileRef = 960CAB112521301700E5D22D /* Main.storyboard */; };
		960CAB152521301800E5D22D /* Assets.xcassets in Resources */ = {isa = PBXBuildFile; fileRef = 960CAB142521301800E5D22D /* Assets.xcassets */; };
		960CAB182521301800E5D22D /* LaunchScreen.storyboard in Resources */ = {isa = PBXBuildFile; fileRef = 960CAB162521301800E5D22D /* LaunchScreen.storyboard */; };
		960CAB21252132ED00E5D22D /* DataService.swift in Sources */ = {isa = PBXBuildFile; fileRef = 960CAB20252132ED00E5D22D /* DataService.swift */; };
		960CAB242521342800E5D22D /* Requests.swift in Sources */ = {isa = PBXBuildFile; fileRef = 960CAB232521342800E5D22D /* Requests.swift */; };
		960CAB2725213BDB00E5D22D /* RawDataPayload.swift in Sources */ = {isa = PBXBuildFile; fileRef = 960CAB2625213BDB00E5D22D /* RawDataPayload.swift */; };
		960CAB2A25214ACB00E5D22D /* DataViewDelegate.swift in Sources */ = {isa = PBXBuildFile; fileRef = 960CAB2925214ACB00E5D22D /* DataViewDelegate.swift */; };
		960CAB2D25214B3A00E5D22D /* DataPresenter.swift in Sources */ = {isa = PBXBuildFile; fileRef = 960CAB2C25214B3A00E5D22D /* DataPresenter.swift */; };
		960CAB302521559C00E5D22D /* DataItem.swift in Sources */ = {isa = PBXBuildFile; fileRef = 960CAB2F2521559C00E5D22D /* DataItem.swift */; };
		960F2F462521E1E000ECCDF5 /* TextItemCell.swift in Sources */ = {isa = PBXBuildFile; fileRef = 960F2F452521E1E000ECCDF5 /* TextItemCell.swift */; };
		960F2F4A2521E54F00ECCDF5 /* PictureItemCell.swift in Sources */ = {isa = PBXBuildFile; fileRef = 960F2F492521E54F00ECCDF5 /* PictureItemCell.swift */; };
		960F2F4D2521E5E200ECCDF5 /* SelectorItemCell.swift in Sources */ = {isa = PBXBuildFile; fileRef = 960F2F4C2521E5E200ECCDF5 /* SelectorItemCell.swift */; };
/* End PBXBuildFile section */

/* Begin PBXFileReference section */
		960CAB082521301700E5D22D /* Selendis.app */ = {isa = PBXFileReference; explicitFileType = wrapper.application; includeInIndex = 0; path = Selendis.app; sourceTree = BUILT_PRODUCTS_DIR; };
		960CAB0B2521301700E5D22D /* AppDelegate.swift */ = {isa = PBXFileReference; lastKnownFileType = sourcecode.swift; path = AppDelegate.swift; sourceTree = "<group>"; };
		960CAB0D2521301700E5D22D /* SceneDelegate.swift */ = {isa = PBXFileReference; lastKnownFileType = sourcecode.swift; path = SceneDelegate.swift; sourceTree = "<group>"; };
		960CAB0F2521301700E5D22D /* DataViewController.swift */ = {isa = PBXFileReference; lastKnownFileType = sourcecode.swift; path = DataViewController.swift; sourceTree = "<group>"; };
		960CAB122521301700E5D22D /* Base */ = {isa = PBXFileReference; lastKnownFileType = file.storyboard; name = Base; path = Base.lproj/Main.storyboard; sourceTree = "<group>"; };
		960CAB142521301800E5D22D /* Assets.xcassets */ = {isa = PBXFileReference; lastKnownFileType = folder.assetcatalog; path = Assets.xcassets; sourceTree = "<group>"; };
		960CAB172521301800E5D22D /* Base */ = {isa = PBXFileReference; lastKnownFileType = file.storyboard; name = Base; path = Base.lproj/LaunchScreen.storyboard; sourceTree = "<group>"; };
		960CAB192521301800E5D22D /* Info.plist */ = {isa = PBXFileReference; lastKnownFileType = text.plist.xml; path = Info.plist; sourceTree = "<group>"; };
		960CAB20252132ED00E5D22D /* DataService.swift */ = {isa = PBXFileReference; lastKnownFileType = sourcecode.swift; path = DataService.swift; sourceTree = "<group>"; };
		960CAB232521342800E5D22D /* Requests.swift */ = {isa = PBXFileReference; lastKnownFileType = sourcecode.swift; path = Requests.swift; sourceTree = "<group>"; };
		960CAB2625213BDB00E5D22D /* RawDataPayload.swift */ = {isa = PBXFileReference; lastKnownFileType = sourcecode.swift; path = RawDataPayload.swift; sourceTree = "<group>"; };
		960CAB2925214ACB00E5D22D /* DataViewDelegate.swift */ = {isa = PBXFileReference; lastKnownFileType = sourcecode.swift; path = DataViewDelegate.swift; sourceTree = "<group>"; };
		960CAB2C25214B3A00E5D22D /* DataPresenter.swift */ = {isa = PBXFileReference; lastKnownFileType = sourcecode.swift; path = DataPresenter.swift; sourceTree = "<group>"; };
		960CAB2F2521559C00E5D22D /* DataItem.swift */ = {isa = PBXFileReference; lastKnownFileType = sourcecode.swift; path = DataItem.swift; sourceTree = "<group>"; };
		960F2F452521E1E000ECCDF5 /* TextItemCell.swift */ = {isa = PBXFileReference; lastKnownFileType = sourcecode.swift; path = TextItemCell.swift; sourceTree = "<group>"; };
		960F2F492521E54F00ECCDF5 /* PictureItemCell.swift */ = {isa = PBXFileReference; lastKnownFileType = sourcecode.swift; path = PictureItemCell.swift; sourceTree = "<group>"; };
		960F2F4C2521E5E200ECCDF5 /* SelectorItemCell.swift */ = {isa = PBXFileReference; lastKnownFileType = sourcecode.swift; path = SelectorItemCell.swift; sourceTree = "<group>"; };
/* End PBXFileReference section */

/* Begin PBXFrameworksBuildPhase section */
		960CAB052521301700E5D22D /* Frameworks */ = {
			isa = PBXFrameworksBuildPhase;
			buildActionMask = 2147483647;
			files = (
			);
			runOnlyForDeploymentPostprocessing = 0;
		};
/* End PBXFrameworksBuildPhase section */

/* Begin PBXGroup section */
		960CAAFF2521301700E5D22D = {
			isa = PBXGroup;
			children = (
				960CAB0A2521301700E5D22D /* Selendis */,
				960CAB092521301700E5D22D /* Products */,
			);
			sourceTree = "<group>";
		};
		960CAB092521301700E5D22D /* Products */ = {
			isa = PBXGroup;
			children = (
				960CAB082521301700E5D22D /* Selendis.app */,
			);
			name = Products;
			sourceTree = "<group>";
		};
		960CAB0A2521301700E5D22D /* Selendis */ = {
			isa = PBXGroup;
			children = (
				960CAB0B2521301700E5D22D /* AppDelegate.swift */,
				960CAB0D2521301700E5D22D /* SceneDelegate.swift */,
				960CAB0F2521301700E5D22D /* DataViewController.swift */,
				960CAB20252132ED00E5D22D /* DataService.swift */,
				960CAB2F2521559C00E5D22D /* DataItem.swift */,
				960CAB232521342800E5D22D /* Requests.swift */,
				960CAB2625213BDB00E5D22D /* RawDataPayload.swift */,
				960CAB2925214ACB00E5D22D /* DataViewDelegate.swift */,
				960CAB2C25214B3A00E5D22D /* DataPresenter.swift */,
				960CAB112521301700E5D22D /* Main.storyboard */,
				960F2F492521E54F00ECCDF5 /* PictureItemCell.swift */,
				960F2F4C2521E5E200ECCDF5 /* SelectorItemCell.swift */,
				960F2F452521E1E000ECCDF5 /* TextItemCell.swift */,
				960CAB142521301800E5D22D /* Assets.xcassets */,
				960CAB162521301800E5D22D /* LaunchScreen.storyboard */,
				960CAB192521301800E5D22D /* Info.plist */,
			);
			path = Selendis;
			sourceTree = "<group>";
		};
/* End PBXGroup section */

/* Begin PBXNativeTarget section */
		960CAB072521301700E5D22D /* Selendis */ = {
			isa = PBXNativeTarget;
			buildConfigurationList = 960CAB1C2521301800E5D22D /* Build configuration list for PBXNativeTarget "Selendis" */;
			buildPhases = (
				960CAB042521301700E5D22D /* Sources */,
				960CAB052521301700E5D22D /* Frameworks */,
				960CAB062521301700E5D22D /* Resources */,
			);
			buildRules = (
			);
			dependencies = (
			);
			name = Selendis;
			productName = Selendis;
			productReference = 960CAB082521301700E5D22D /* Selendis.app */;
			productType = "com.apple.product-type.application";
		};
/* End PBXNativeTarget section */

/* Begin PBXProject section */
		960CAB002521301700E5D22D /* Project object */ = {
			isa = PBXProject;
			attributes = {
				LastSwiftUpdateCheck = 1200;
				LastUpgradeCheck = 1200;
				TargetAttributes = {
					960CAB072521301700E5D22D = {
						CreatedOnToolsVersion = 12.0;
					};
				};
			};
			buildConfigurationList = 960CAB032521301700E5D22D /* Build configuration list for PBXProject "Selendis" */;
			compatibilityVersion = "Xcode 9.3";
			developmentRegion = en;
			hasScannedForEncodings = 0;
			knownRegions = (
				en,
				Base,
			);
			mainGroup = 960CAAFF2521301700E5D22D;
			productRefGroup = 960CAB092521301700E5D22D /* Products */;
			projectDirPath = "";
			projectRoot = "";
			targets = (
				960CAB072521301700E5D22D /* Selendis */,
			);
		};
/* End PBXProject section */

/* Begin PBXResourcesBuildPhase section */
		960CAB062521301700E5D22D /* Resources */ = {
			isa = PBXResourcesBuildPhase;
			buildActionMask = 2147483647;
			files = (
				960CAB182521301800E5D22D /* LaunchScreen.storyboard in Resources */,
				960CAB152521301800E5D22D /* Assets.xcassets in Resources */,
				960CAB132521301700E5D22D /* Main.storyboard in Resources */,
			);
			runOnlyForDeploymentPostprocessing = 0;
		};
/* End PBXResourcesBuildPhase section */

/* Begin PBXSourcesBuildPhase section */
		960CAB042521301700E5D22D /* Sources */ = {
			isa = PBXSourcesBuildPhase;
			buildActionMask = 2147483647;
			files = (
				960CAB2D25214B3A00E5D22D /* DataPresenter.swift in Sources */,
				960F2F462521E1E000ECCDF5 /* TextItemCell.swift in Sources */,
				960CAB102521301700E5D22D /* DataViewController.swift in Sources */,
				960CAB0C2521301700E5D22D /* AppDelegate.swift in Sources */,
				960CAB302521559C00E5D22D /* DataItem.swift in Sources */,
				960F2F4D2521E5E200ECCDF5 /* SelectorItemCell.swift in Sources */,
				960CAB2725213BDB00E5D22D /* RawDataPayload.swift in Sources */,
				960CAB0E2521301700E5D22D /* SceneDelegate.swift in Sources */,
				960CAB242521342800E5D22D /* Requests.swift in Sources */,
				960CAB2A25214ACB00E5D22D /* DataViewDelegate.swift in Sources */,
				960F2F4A2521E54F00ECCDF5 /* PictureItemCell.swift in Sources */,
				960CAB21252132ED00E5D22D /* DataService.swift in Sources */,
			);
			runOnlyForDeploymentPostprocessing = 0;
		};
/* End PBXSourcesBuildPhase section */

/* Begin PBXVariantGroup section */
		960CAB112521301700E5D22D /* Main.storyboard */ = {
			isa = PBXVariantGroup;
			children = (
				960CAB122521301700E5D22D /* Base */,
			);
			name = Main.storyboard;
			sourceTree = "<group>";
		};
		960CAB162521301800E5D22D /* LaunchScreen.storyboard */ = {
			isa = PBXVariantGroup;
			children = (
				960CAB172521301800E5D22D /* Base */,
			);
			name = LaunchScreen.storyboard;
			sourceTree = "<group>";
		};
/* End PBXVariantGroup section */

/* Begin XCBuildConfiguration section */
		960CAB1A2521301800E5D22D /* Debug */ = {
			isa = XCBuildConfiguration;
			buildSettings = {
				ALWAYS_SEARCH_USER_PATHS = NO;
				CLANG_ANALYZER_NONNULL = YES;
				CLANG_ANALYZER_NUMBER_OBJECT_CONVERSION = YES_AGGRESSIVE;
				CLANG_CXX_LANGUAGE_STANDARD = "gnu++14";
				CLANG_CXX_LIBRARY = "libc++";
				CLANG_ENABLE_MODULES = YES;
				CLANG_ENABLE_OBJC_ARC = YES;
				CLANG_ENABLE_OBJC_WEAK = YES;
				CLANG_WARN_BLOCK_CAPTURE_AUTORELEASING = YES;
				CLANG_WARN_BOOL_CONVERSION = YES;
				CLANG_WARN_COMMA = YES;
				CLANG_WARN_CONSTANT_CONVERSION = YES;
				CLANG_WARN_DEPRECATED_OBJC_IMPLEMENTATIONS = YES;
				CLANG_WARN_DIRECT_OBJC_ISA_USAGE = YES_ERROR;
				CLANG_WARN_DOCUMENTATION_COMMENTS = YES;
				CLANG_WARN_EMPTY_BODY = YES;
				CLANG_WARN_ENUM_CONVERSION = YES;
				CLANG_WARN_INFINITE_RECURSION = YES;
				CLANG_WARN_INT_CONVERSION = YES;
				CLANG_WARN_NON_LITERAL_NULL_CONVERSION = YES;
				CLANG_WARN_OBJC_IMPLICIT_RETAIN_SELF = YES;
				CLANG_WARN_OBJC_LITERAL_CONVERSION = YES;
				CLANG_WARN_OBJC_ROOT_CLASS = YES_ERROR;
				CLANG_WARN_QUOTED_INCLUDE_IN_FRAMEWORK_HEADER = YES;
				CLANG_WARN_RANGE_LOOP_ANALYSIS = YES;
				CLANG_WARN_STRICT_PROTOTYPES = YES;
				CLANG_WARN_SUSPICIOUS_MOVE = YES;
				CLANG_WARN_UNGUARDED_AVAILABILITY = YES_AGGRESSIVE;
				CLANG_WARN_UNREACHABLE_CODE = YES;
				CLANG_WARN__DUPLICATE_METHOD_MATCH = YES;
				COPY_PHASE_STRIP = NO;
				DEBUG_INFORMATION_FORMAT = dwarf;
				ENABLE_STRICT_OBJC_MSGSEND = YES;
				ENABLE_TESTABILITY = YES;
				GCC_C_LANGUAGE_STANDARD = gnu11;
				GCC_DYNAMIC_NO_PIC = NO;
				GCC_NO_COMMON_BLOCKS = YES;
				GCC_OPTIMIZATION_LEVEL = 0;
				GCC_PREPROCESSOR_DEFINITIONS = (
					"DEBUG=1",
					"$(inherited)",
				);
				GCC_WARN_64_TO_32_BIT_CONVERSION = YES;
				GCC_WARN_ABOUT_RETURN_TYPE = YES_ERROR;
				GCC_WARN_UNDECLARED_SELECTOR = YES;
				GCC_WARN_UNINITIALIZED_AUTOS = YES_AGGRESSIVE;
				GCC_WARN_UNUSED_FUNCTION = YES;
				GCC_WARN_UNUSED_VARIABLE = YES;
				IPHONEOS_DEPLOYMENT_TARGET = 14.0;
				MTL_ENABLE_DEBUG_INFO = INCLUDE_SOURCE;
				MTL_FAST_MATH = YES;
				ONLY_ACTIVE_ARCH = YES;
				SDKROOT = iphoneos;
				SWIFT_ACTIVE_COMPILATION_CONDITIONS = DEBUG;
				SWIFT_OPTIMIZATION_LEVEL = "-Onone";
			};
			name = Debug;
		};
		960CAB1B2521301800E5D22D /* Release */ = {
			isa = XCBuildConfiguration;
			buildSettings = {
				ALWAYS_SEARCH_USER_PATHS = NO;
				CLANG_ANALYZER_NONNULL = YES;
				CLANG_ANALYZER_NUMBER_OBJECT_CONVERSION = YES_AGGRESSIVE;
				CLANG_CXX_LANGUAGE_STANDARD = "gnu++14";
				CLANG_CXX_LIBRARY = "libc++";
				CLANG_ENABLE_MODULES = YES;
				CLANG_ENABLE_OBJC_ARC = YES;
				CLANG_ENABLE_OBJC_WEAK = YES;
				CLANG_WARN_BLOCK_CAPTURE_AUTORELEASING = YES;
				CLANG_WARN_BOOL_CONVERSION = YES;
				CLANG_WARN_COMMA = YES;
				CLANG_WARN_CONSTANT_CONVERSION = YES;
				CLANG_WARN_DEPRECATED_OBJC_IMPLEMENTATIONS = YES;
				CLANG_WARN_DIRECT_OBJC_ISA_USAGE = YES_ERROR;
				CLANG_WARN_DOCUMENTATION_COMMENTS = YES;
				CLANG_WARN_EMPTY_BODY = YES;
				CLANG_WARN_ENUM_CONVERSION = YES;
				CLANG_WARN_INFINITE_RECURSION = YES;
				CLANG_WARN_INT_CONVERSION = YES;
				CLANG_WARN_NON_LITERAL_NULL_CONVERSION = YES;
				CLANG_WARN_OBJC_IMPLICIT_RETAIN_SELF = YES;
				CLANG_WARN_OBJC_LITERAL_CONVERSION = YES;
				CLANG_WARN_OBJC_ROOT_CLASS = YES_ERROR;
				CLANG_WARN_QUOTED_INCLUDE_IN_FRAMEWORK_HEADER = YES;
				CLANG_WARN_RANGE_LOOP_ANALYSIS = YES;
				CLANG_WARN_STRICT_PROTOTYPES = YES;
				CLANG_WARN_SUSPICIOUS_MOVE = YES;
				CLANG_WARN_UNGUARDED_AVAILABILITY = YES_AGGRESSIVE;
				CLANG_WARN_UNREACHABLE_CODE = YES;
				CLANG_WARN__DUPLICATE_METHOD_MATCH = YES;
				COPY_PHASE_STRIP = NO;
				DEBUG_INFORMATION_FORMAT = "dwarf-with-dsym";
				ENABLE_NS_ASSERTIONS = NO;
				ENABLE_STRICT_OBJC_MSGSEND = YES;
				GCC_C_LANGUAGE_STANDARD = gnu11;
				GCC_NO_COMMON_BLOCKS = YES;
				GCC_WARN_64_TO_32_BIT_CONVERSION = YES;
				GCC_WARN_ABOUT_RETURN_TYPE = YES_ERROR;
				GCC_WARN_UNDECLARED_SELECTOR = YES;
				GCC_WARN_UNINITIALIZED_AUTOS = YES_AGGRESSIVE;
				GCC_WARN_UNUSED_FUNCTION = YES;
				GCC_WARN_UNUSED_VARIABLE = YES;
				IPHONEOS_DEPLOYMENT_TARGET = 14.0;
				MTL_ENABLE_DEBUG_INFO = NO;
				MTL_FAST_MATH = YES;
				SDKROOT = iphoneos;
				SWIFT_COMPILATION_MODE = wholemodule;
				SWIFT_OPTIMIZATION_LEVEL = "-O";
				VALIDATE_PRODUCT = YES;
			};
			name = Release;
		};
		960CAB1D2521301800E5D22D /* Debug */ = {
			isa = XCBuildConfiguration;
			buildSettings = {
				ASSETCATALOG_COMPILER_APPICON_NAME = AppIcon;
				ASSETCATALOG_COMPILER_GLOBAL_ACCENT_COLOR_NAME = AccentColor;
				CODE_SIGN_STYLE = Automatic;
				INFOPLIST_FILE = Selendis/Info.plist;
				LD_RUNPATH_SEARCH_PATHS = (
					"$(inherited)",
					"@executable_path/Frameworks",
				);
				PRODUCT_BUNDLE_IDENTIFIER = com.rivershy.Selendis;
				PRODUCT_NAME = "$(TARGET_NAME)";
				SWIFT_VERSION = 5.0;
				TARGETED_DEVICE_FAMILY = "1,2";
			};
			name = Debug;
		};
		960CAB1E2521301800E5D22D /* Release */ = {
			isa = XCBuildConfiguration;
			buildSettings = {
				ASSETCATALOG_COMPILER_APPICON_NAME = AppIcon;
				ASSETCATALOG_COMPILER_GLOBAL_ACCENT_COLOR_NAME = AccentColor;
				CODE_SIGN_STYLE = Automatic;
				INFOPLIST_FILE = Selendis/Info.plist;
				LD_RUNPATH_SEARCH_PATHS = (
					"$(inherited)",
					"@executable_path/Frameworks",
				);
				PRODUCT_BUNDLE_IDENTIFIER = com.rivershy.Selendis;
				PRODUCT_NAME = "$(TARGET_NAME)";
				SWIFT_VERSION = 5.0;
				TARGETED_DEVICE_FAMILY = "1,2";
			};
			name = Release;
		};
/* End XCBuildConfiguration section */

/* Begin XCConfigurationList section */
		960CAB032521301700E5D22D /* Build configuration list for PBXProject "Selendis" */ = {
			isa = XCConfigurationList;
			buildConfigurations = (
				960CAB1A2521301800E5D22D /* Debug */,
				960CAB1B2521301800E5D22D /* Release */,
			);
			defaultConfigurationIsVisible = 0;
			defaultConfigurationName = Release;
		};
		960CAB1C2521301800E5D22D /* Build configuration list for PBXNativeTarget "Selendis" */ = {
			isa = XCConfigurationList;
			buildConfigurations = (
				960CAB1D2521301800E5D22D /* Debug */,
				960CAB1E2521301800E5D22D /* Release */,
			);
			defaultConfigurationIsVisible = 0;
			defaultConfigurationName = Release;
		};
/* End XCConfigurationList section */
	};
	rootObject = 960CAB002521301700E5D22D /* Project object */;
}
